// !$*UTF8*$!
{
	archiveVersion = 1;
	classes = {
	};
	objectVersion = 50;
	objects = {

/* Begin PBXBuildFile section */
		4B7CC44FF165E7E5BD36AF20 /* Pods_TestMacOSApp.framework in Frameworks */ = {isa = PBXBuildFile; fileRef = 73B900FF89A548567B04263A /* Pods_TestMacOSApp.framework */; };
		86812BE62551482A00DA799A /* AppDelegate.swift in Sources */ = {isa = PBXBuildFile; fileRef = 86812BE52551482A00DA799A /* AppDelegate.swift */; };
		86812BE82551482A00DA799A /* ViewController.swift in Sources */ = {isa = PBXBuildFile; fileRef = 86812BE72551482A00DA799A /* ViewController.swift */; };
		86812BEB2551482A00DA799A /* TestMacOSApp.xcdatamodeld in Sources */ = {isa = PBXBuildFile; fileRef = 86812BE92551482A00DA799A /* TestMacOSApp.xcdatamodeld */; };
		86812BED2551482D00DA799A /* Assets.xcassets in Resources */ = {isa = PBXBuildFile; fileRef = 86812BEC2551482D00DA799A /* Assets.xcassets */; };
		86812BF02551482E00DA799A /* Main.storyboard in Resources */ = {isa = PBXBuildFile; fileRef = 86812BEE2551482E00DA799A /* Main.storyboard */; };
/* End PBXBuildFile section */

/* Begin PBXFileReference section */
		4C7E8796748F58D93ADF117A /* Pods-TestMacOSApp.release.xcconfig */ = {isa = PBXFileReference; includeInIndex = 1; lastKnownFileType = text.xcconfig; name = "Pods-TestMacOSApp.release.xcconfig"; path = "Target Support Files/Pods-TestMacOSApp/Pods-TestMacOSApp.release.xcconfig"; sourceTree = "<group>"; };
		73B900FF89A548567B04263A /* Pods_TestMacOSApp.framework */ = {isa = PBXFileReference; explicitFileType = wrapper.framework; includeInIndex = 0; path = Pods_TestMacOSApp.framework; sourceTree = BUILT_PRODUCTS_DIR; };
		86812BE22551482A00DA799A /* TestMacOSApp.app */ = {isa = PBXFileReference; explicitFileType = wrapper.application; includeInIndex = 0; path = TestMacOSApp.app; sourceTree = BUILT_PRODUCTS_DIR; };
		86812BE52551482A00DA799A /* AppDelegate.swift */ = {isa = PBXFileReference; lastKnownFileType = sourcecode.swift; path = AppDelegate.swift; sourceTree = "<group>"; };
		86812BE72551482A00DA799A /* ViewController.swift */ = {isa = PBXFileReference; lastKnownFileType = sourcecode.swift; path = ViewController.swift; sourceTree = "<group>"; };
		86812BEA2551482A00DA799A /* TestMacOSApp.xcdatamodel */ = {isa = PBXFileReference; lastKnownFileType = wrapper.xcdatamodel; path = TestMacOSApp.xcdatamodel; sourceTree = "<group>"; };
		86812BEC2551482D00DA799A /* Assets.xcassets */ = {isa = PBXFileReference; lastKnownFileType = folder.assetcatalog; path = Assets.xcassets; sourceTree = "<group>"; };
		86812BEF2551482E00DA799A /* Base */ = {isa = PBXFileReference; lastKnownFileType = file.storyboard; name = Base; path = Base.lproj/Main.storyboard; sourceTree = "<group>"; };
		86812BF12551482E00DA799A /* Info.plist */ = {isa = PBXFileReference; lastKnownFileType = text.plist.xml; path = Info.plist; sourceTree = "<group>"; };
		86812BF22551482E00DA799A /* TestMacOSApp.entitlements */ = {isa = PBXFileReference; lastKnownFileType = text.plist.entitlements; path = TestMacOSApp.entitlements; sourceTree = "<group>"; };
		BAA03B4F68442768C224DB9D /* Pods-TestMacOSApp.debug.xcconfig */ = {isa = PBXFileReference; includeInIndex = 1; lastKnownFileType = text.xcconfig; name = "Pods-TestMacOSApp.debug.xcconfig"; path = "Target Support Files/Pods-TestMacOSApp/Pods-TestMacOSApp.debug.xcconfig"; sourceTree = "<group>"; };
/* End PBXFileReference section */

/* Begin PBXFrameworksBuildPhase section */
		86812BDF2551482A00DA799A /* Frameworks */ = {
			isa = PBXFrameworksBuildPhase;
			buildActionMask = 2147483647;
			files = (
				4B7CC44FF165E7E5BD36AF20 /* Pods_TestMacOSApp.framework in Frameworks */,
			);
			runOnlyForDeploymentPostprocessing = 0;
		};
/* End PBXFrameworksBuildPhase section */

/* Begin PBXGroup section */
		072ECCCCCFEE17F1ECC0752F /* Frameworks */ = {
			isa = PBXGroup;
			children = (
				73B900FF89A548567B04263A /* Pods_TestMacOSApp.framework */,
			);
			name = Frameworks;
			sourceTree = "<group>";
		};
		10FA4177168C681B294DC91B /* Pods */ = {
			isa = PBXGroup;
			children = (
				BAA03B4F68442768C224DB9D /* Pods-TestMacOSApp.debug.xcconfig */,
				4C7E8796748F58D93ADF117A /* Pods-TestMacOSApp.release.xcconfig */,
			);
			name = Pods;
			path = Pods;
			sourceTree = "<group>";
		};
		86812BD92551482A00DA799A = {
			isa = PBXGroup;
			children = (
				86812BE42551482A00DA799A /* TestMacOSApp */,
				86812BE32551482A00DA799A /* Products */,
				10FA4177168C681B294DC91B /* Pods */,
				072ECCCCCFEE17F1ECC0752F /* Frameworks */,
			);
			sourceTree = "<group>";
		};
		86812BE32551482A00DA799A /* Products */ = {
			isa = PBXGroup;
			children = (
				86812BE22551482A00DA799A /* TestMacOSApp.app */,
			);
			name = Products;
			sourceTree = "<group>";
		};
		86812BE42551482A00DA799A /* TestMacOSApp */ = {
			isa = PBXGroup;
			children = (
				86812BE52551482A00DA799A /* AppDelegate.swift */,
				86812BE72551482A00DA799A /* ViewController.swift */,
				86812BEC2551482D00DA799A /* Assets.xcassets */,
				86812BEE2551482E00DA799A /* Main.storyboard */,
				86812BF12551482E00DA799A /* Info.plist */,
				86812BF22551482E00DA799A /* TestMacOSApp.entitlements */,
				86812BE92551482A00DA799A /* TestMacOSApp.xcdatamodeld */,
			);
			path = TestMacOSApp;
			sourceTree = "<group>";
		};
/* End PBXGroup section */

/* Begin PBXNativeTarget section */
		86812BE12551482A00DA799A /* TestMacOSApp */ = {
			isa = PBXNativeTarget;
			buildConfigurationList = 86812BF52551482E00DA799A /* Build configuration list for PBXNativeTarget "TestMacOSApp" */;
			buildPhases = (
				6250C5BE92FE912F9938218A /* [CP] Check Pods Manifest.lock */,
				86812BDE2551482A00DA799A /* Sources */,
				86812BDF2551482A00DA799A /* Frameworks */,
				86812BE02551482A00DA799A /* Resources */,
				496730DB9B126E0284B7405F /* [CP] Embed Pods Frameworks */,
			);
			buildRules = (
			);
			dependencies = (
			);
			name = TestMacOSApp;
			productName = TestMacOSApp;
			productReference = 86812BE22551482A00DA799A /* TestMacOSApp.app */;
			productType = "com.apple.product-type.application";
		};
/* End PBXNativeTarget section */

/* Begin PBXProject section */
		86812BDA2551482A00DA799A /* Project object */ = {
			isa = PBXProject;
			attributes = {
				LastSwiftUpdateCheck = 1160;
				LastUpgradeCheck = 1160;
				ORGANIZATIONNAME = Vladislav;
				TargetAttributes = {
					86812BE12551482A00DA799A = {
						CreatedOnToolsVersion = 11.6;
					};
				};
			};
			buildConfigurationList = 86812BDD2551482A00DA799A /* Build configuration list for PBXProject "TestMacOSApp" */;
			compatibilityVersion = "Xcode 9.3";
			developmentRegion = en;
			hasScannedForEncodings = 0;
			knownRegions = (
				en,
				Base,
			);
			mainGroup = 86812BD92551482A00DA799A;
			productRefGroup = 86812BE32551482A00DA799A /* Products */;
			projectDirPath = "";
			projectRoot = "";
			targets = (
				86812BE12551482A00DA799A /* TestMacOSApp */,
			);
		};
/* End PBXProject section */

/* Begin PBXResourcesBuildPhase section */
		86812BE02551482A00DA799A /* Resources */ = {
			isa = PBXResourcesBuildPhase;
			buildActionMask = 2147483647;
			files = (
				86812BED2551482D00DA799A /* Assets.xcassets in Resources */,
				86812BF02551482E00DA799A /* Main.storyboard in Resources */,
			);
			runOnlyForDeploymentPostprocessing = 0;
		};
/* End PBXResourcesBuildPhase section */

/* Begin PBXShellScriptBuildPhase section */
		496730DB9B126E0284B7405F /* [CP] Embed Pods Frameworks */ = {
			isa = PBXShellScriptBuildPhase;
			buildActionMask = 2147483647;
			files = (
			);
			inputFileListPaths = (
				"${PODS_ROOT}/Target Support Files/Pods-TestMacOSApp/Pods-TestMacOSApp-frameworks-${CONFIGURATION}-input-files.xcfilelist",
			);
			name = "[CP] Embed Pods Frameworks";
			outputFileListPaths = (
				"${PODS_ROOT}/Target Support Files/Pods-TestMacOSApp/Pods-TestMacOSApp-frameworks-${CONFIGURATION}-output-files.xcfilelist",
			);
			runOnlyForDeploymentPostprocessing = 0;
			shellPath = /bin/sh;
			shellScript = "\"${PODS_ROOT}/Target Support Files/Pods-TestMacOSApp/Pods-TestMacOSApp-frameworks.sh\"\n";
			showEnvVarsInLog = 0;
		};
		6250C5BE92FE912F9938218A /* [CP] Check Pods Manifest.lock */ = {
			isa = PBXShellScriptBuildPhase;
			buildActionMask = 2147483647;
			files = (
			);
			inputFileListPaths = (
			);
			inputPaths = (
				"${PODS_PODFILE_DIR_PATH}/Podfile.lock",
				"${PODS_ROOT}/Manifest.lock",
			);
			name = "[CP] Check Pods Manifest.lock";
			outputFileListPaths = (
			);
			outputPaths = (
				"$(DERIVED_FILE_DIR)/Pods-TestMacOSApp-checkManifestLockResult.txt",
			);
			runOnlyForDeploymentPostprocessing = 0;
			shellPath = /bin/sh;
			shellScript = "diff \"${PODS_PODFILE_DIR_PATH}/Podfile.lock\" \"${PODS_ROOT}/Manifest.lock\" > /dev/null\nif [ $? != 0 ] ; then\n    # print error to STDERR\n    echo \"error: The sandbox is not in sync with the Podfile.lock. Run 'pod install' or update your CocoaPods installation.\" >&2\n    exit 1\nfi\n# This output is used by Xcode 'outputs' to avoid re-running this script phase.\necho \"SUCCESS\" > \"${SCRIPT_OUTPUT_FILE_0}\"\n";
			showEnvVarsInLog = 0;
		};
/* End PBXShellScriptBuildPhase section */

/* Begin PBXSourcesBuildPhase section */
		86812BDE2551482A00DA799A /* Sources */ = {
			isa = PBXSourcesBuildPhase;
			buildActionMask = 2147483647;
			files = (
				86812BE82551482A00DA799A /* ViewController.swift in Sources */,
				86812BE62551482A00DA799A /* AppDelegate.swift in Sources */,
				86812BEB2551482A00DA799A /* TestMacOSApp.xcdatamodeld in Sources */,
			);
			runOnlyForDeploymentPostprocessing = 0;
		};
/* End PBXSourcesBuildPhase section */

/* Begin PBXVariantGroup section */
		86812BEE2551482E00DA799A /* Main.storyboard */ = {
			isa = PBXVariantGroup;
			children = (
				86812BEF2551482E00DA799A /* Base */,
			);
			name = Main.storyboard;
			sourceTree = "<group>";
		};
/* End PBXVariantGroup section */

/* Begin XCBuildConfiguration section */
		86812BF32551482E00DA799A /* Debug */ = {
			isa = XCBuildConfiguration;
			buildSettings = {
				ALWAYS_SEARCH_USER_PATHS = NO;
				CLANG_ANALYZER_NONNULL = YES;
				CLANG_ANALYZER_NUMBER_OBJECT_CONVERSION = YES_AGGRESSIVE;
				CLANG_CXX_LANGUAGE_STANDARD = "gnu++14";
				CLANG_CXX_LIBRARY = "libc++";
				CLANG_ENABLE_MODULES = YES;
				CLANG_ENABLE_OBJC_ARC = YES;
				CLANG_ENABLE_OBJC_WEAK = YES;
				CLANG_WARN_BLOCK_CAPTURE_AUTORELEASING = YES;
				CLANG_WARN_BOOL_CONVERSION = YES;
				CLANG_WARN_COMMA = YES;
				CLANG_WARN_CONSTANT_CONVERSION = YES;
				CLANG_WARN_DEPRECATED_OBJC_IMPLEMENTATIONS = YES;
				CLANG_WARN_DIRECT_OBJC_ISA_USAGE = YES_ERROR;
				CLANG_WARN_DOCUMENTATION_COMMENTS = YES;
				CLANG_WARN_EMPTY_BODY = YES;
				CLANG_WARN_ENUM_CONVERSION = YES;
				CLANG_WARN_INFINITE_RECURSION = YES;
				CLANG_WARN_INT_CONVERSION = YES;
				CLANG_WARN_NON_LITERAL_NULL_CONVERSION = YES;
				CLANG_WARN_OBJC_IMPLICIT_RETAIN_SELF = YES;
				CLANG_WARN_OBJC_LITERAL_CONVERSION = YES;
				CLANG_WARN_OBJC_ROOT_CLASS = YES_ERROR;
				CLANG_WARN_RANGE_LOOP_ANALYSIS = YES;
				CLANG_WARN_STRICT_PROTOTYPES = YES;
				CLANG_WARN_SUSPICIOUS_MOVE = YES;
				CLANG_WARN_UNGUARDED_AVAILABILITY = YES_AGGRESSIVE;
				CLANG_WARN_UNREACHABLE_CODE = YES;
				CLANG_WARN__DUPLICATE_METHOD_MATCH = YES;
				COPY_PHASE_STRIP = NO;
				DEBUG_INFORMATION_FORMAT = dwarf;
				ENABLE_STRICT_OBJC_MSGSEND = YES;
				ENABLE_TESTABILITY = YES;
				GCC_C_LANGUAGE_STANDARD = gnu11;
				GCC_DYNAMIC_NO_PIC = NO;
				GCC_NO_COMMON_BLOCKS = YES;
				GCC_OPTIMIZATION_LEVEL = 0;
				GCC_PREPROCESSOR_DEFINITIONS = (
					"DEBUG=1",
					"$(inherited)",
				);
				GCC_WARN_64_TO_32_BIT_CONVERSION = YES;
				GCC_WARN_ABOUT_RETURN_TYPE = YES_ERROR;
				GCC_WARN_UNDECLARED_SELECTOR = YES;
				GCC_WARN_UNINITIALIZED_AUTOS = YES_AGGRESSIVE;
				GCC_WARN_UNUSED_FUNCTION = YES;
				GCC_WARN_UNUSED_VARIABLE = YES;
				MACOSX_DEPLOYMENT_TARGET = 10.14;
				MTL_ENABLE_DEBUG_INFO = INCLUDE_SOURCE;
				MTL_FAST_MATH = YES;
				ONLY_ACTIVE_ARCH = YES;
				SDKROOT = macosx;
				SWIFT_ACTIVE_COMPILATION_CONDITIONS = DEBUG;
				SWIFT_OPTIMIZATION_LEVEL = "-Onone";
			};
			name = Debug;
		};
		86812BF42551482E00DA799A /* Release */ = {
			isa = XCBuildConfiguration;
			buildSettings = {
				ALWAYS_SEARCH_USER_PATHS = NO;
				CLANG_ANALYZER_NONNULL = YES;
				CLANG_ANALYZER_NUMBER_OBJECT_CONVERSION = YES_AGGRESSIVE;
				CLANG_CXX_LANGUAGE_STANDARD = "gnu++14";
				CLANG_CXX_LIBRARY = "libc++";
				CLANG_ENABLE_MODULES = YES;
				CLANG_ENABLE_OBJC_ARC = YES;
				CLANG_ENABLE_OBJC_WEAK = YES;
				CLANG_WARN_BLOCK_CAPTURE_AUTORELEASING = YES;
				CLANG_WARN_BOOL_CONVERSION = YES;
				CLANG_WARN_COMMA = YES;
				CLANG_WARN_CONSTANT_CONVERSION = YES;
				CLANG_WARN_DEPRECATED_OBJC_IMPLEMENTATIONS = YES;
				CLANG_WARN_DIRECT_OBJC_ISA_USAGE = YES_ERROR;
				CLANG_WARN_DOCUMENTATION_COMMENTS = YES;
				CLANG_WARN_EMPTY_BODY = YES;
				CLANG_WARN_ENUM_CONVERSION = YES;
				CLANG_WARN_INFINITE_RECURSION = YES;
				CLANG_WARN_INT_CONVERSION = YES;
				CLANG_WARN_NON_LITERAL_NULL_CONVERSION = YES;
				CLANG_WARN_OBJC_IMPLICIT_RETAIN_SELF = YES;
				CLANG_WARN_OBJC_LITERAL_CONVERSION = YES;
				CLANG_WARN_OBJC_ROOT_CLASS = YES_ERROR;
				CLANG_WARN_RANGE_LOOP_ANALYSIS = YES;
				CLANG_WARN_STRICT_PROTOTYPES = YES;
				CLANG_WARN_SUSPICIOUS_MOVE = YES;
				CLANG_WARN_UNGUARDED_AVAILABILITY = YES_AGGRESSIVE;
				CLANG_WARN_UNREACHABLE_CODE = YES;
				CLANG_WARN__DUPLICATE_METHOD_MATCH = YES;
				COPY_PHASE_STRIP = NO;
				DEBUG_INFORMATION_FORMAT = "dwarf-with-dsym";
				ENABLE_NS_ASSERTIONS = NO;
				ENABLE_STRICT_OBJC_MSGSEND = YES;
				GCC_C_LANGUAGE_STANDARD = gnu11;
				GCC_NO_COMMON_BLOCKS = YES;
				GCC_WARN_64_TO_32_BIT_CONVERSION = YES;
				GCC_WARN_ABOUT_RETURN_TYPE = YES_ERROR;
				GCC_WARN_UNDECLARED_SELECTOR = YES;
				GCC_WARN_UNINITIALIZED_AUTOS = YES_AGGRESSIVE;
				GCC_WARN_UNUSED_FUNCTION = YES;
				GCC_WARN_UNUSED_VARIABLE = YES;
				MACOSX_DEPLOYMENT_TARGET = 10.14;
				MTL_ENABLE_DEBUG_INFO = NO;
				MTL_FAST_MATH = YES;
				SDKROOT = macosx;
				SWIFT_COMPILATION_MODE = wholemodule;
				SWIFT_OPTIMIZATION_LEVEL = "-O";
			};
			name = Release;
		};
		86812BF62551482E00DA799A /* Debug */ = {
			isa = XCBuildConfiguration;
			baseConfigurationReference = BAA03B4F68442768C224DB9D /* Pods-TestMacOSApp.debug.xcconfig */;
			buildSettings = {
				ASSETCATALOG_COMPILER_APPICON_NAME = AppIcon;
				CODE_SIGN_ENTITLEMENTS = TestMacOSApp/TestMacOSApp.entitlements;
				CODE_SIGN_STYLE = Automatic;
				COMBINE_HIDPI_IMAGES = YES;
				INFOPLIST_FILE = TestMacOSApp/Info.plist;
				LD_RUNPATH_SEARCH_PATHS = (
					"$(inherited)",
					"@executable_path/../Frameworks",
				);
				MACOSX_DEPLOYMENT_TARGET = 10.14;
				PRODUCT_BUNDLE_IDENTIFIER = com.vladislav.TestMacOSApp;
				PRODUCT_NAME = "$(TARGET_NAME)";
				SWIFT_VERSION = 5.0;
			};
			name = Debug;
		};
		86812BF72551482E00DA799A /* Release */ = {
			isa = XCBuildConfiguration;
			baseConfigurationReference = 4C7E8796748F58D93ADF117A /* Pods-TestMacOSApp.release.xcconfig */;
			buildSettings = {
				ASSETCATALOG_COMPILER_APPICON_NAME = AppIcon;
				CODE_SIGN_ENTITLEMENTS = TestMacOSApp/TestMacOSApp.entitlements;
				CODE_SIGN_STYLE = Automatic;
				COMBINE_HIDPI_IMAGES = YES;
				INFOPLIST_FILE = TestMacOSApp/Info.plist;
				LD_RUNPATH_SEARCH_PATHS = (
					"$(inherited)",
					"@executable_path/../Frameworks",
				);
				MACOSX_DEPLOYMENT_TARGET = 10.14;
				PRODUCT_BUNDLE_IDENTIFIER = com.vladislav.TestMacOSApp;
				PRODUCT_NAME = "$(TARGET_NAME)";
				SWIFT_VERSION = 5.0;
			};
			name = Release;
		};
/* End XCBuildConfiguration section */

/* Begin XCConfigurationList section */
		86812BDD2551482A00DA799A /* Build configuration list for PBXProject "TestMacOSApp" */ = {
			isa = XCConfigurationList;
			buildConfigurations = (
				86812BF32551482E00DA799A /* Debug */,
				86812BF42551482E00DA799A /* Release */,
			);
			defaultConfigurationIsVisible = 0;
			defaultConfigurationName = Release;
		};
		86812BF52551482E00DA799A /* Build configuration list for PBXNativeTarget "TestMacOSApp" */ = {
			isa = XCConfigurationList;
			buildConfigurations = (
				86812BF62551482E00DA799A /* Debug */,
				86812BF72551482E00DA799A /* Release */,
			);
			defaultConfigurationIsVisible = 0;
			defaultConfigurationName = Release;
		};
/* End XCConfigurationList section */

/* Begin XCVersionGroup section */
		86812BE92551482A00DA799A /* TestMacOSApp.xcdatamodeld */ = {
			isa = XCVersionGroup;
			children = (
				86812BEA2551482A00DA799A /* TestMacOSApp.xcdatamodel */,
			);
			currentVersion = 86812BEA2551482A00DA799A /* TestMacOSApp.xcdatamodel */;
			path = TestMacOSApp.xcdatamodeld;
			sourceTree = "<group>";
			versionGroupType = wrapper.xcdatamodel;
		};
/* End XCVersionGroup section */
	};
	rootObject = 86812BDA2551482A00DA799A /* Project object */;
}
